PODS:
  - AACarousel (1.1.1)
  - Alamofire (5.2.1)
  - Cosmos (23.0.0)
  - FacebookCore (0.9.0):
    - FBSDKCoreKit (~> 5.0)
  - FacebookLogin (0.9.0):
    - FacebookCore (~> 0.9.0)
    - FBSDKCoreKit (~> 5.0)
    - FBSDKLoginKit (~> 5.0)
  - FBSDKCoreKit (5.15.1):
    - FBSDKCoreKit/Basics (= 5.15.1)
    - FBSDKCoreKit/Core (= 5.15.1)
  - FBSDKCoreKit/Basics (5.15.1)
  - FBSDKCoreKit/Core (5.15.1):
    - FBSDKCoreKit/Basics
  - FBSDKLoginKit (5.15.1):
    - FBSDKLoginKit/Login (= 5.15.1)
  - FBSDKLoginKit/Login (5.15.1):
    - FBSDKCoreKit (~> 5.0)
  - Kingfisher (5.14.0):
    - Kingfisher/Core (= 5.14.0)
  - Kingfisher/Core (5.14.0)
  - MBRadioCheckboxButton (2.0)
  - MOLH (1.4.1)
  - SDWebImage (5.9.3):
    - SDWebImage/Core (= 5.9.3)
  - SDWebImage/Core (5.9.3)
  - SwiftyJSON (4.3.0)
  - Swinject (2.7.1)

DEPENDENCIES:
  - AACarousel
  - Alamofire (~> 5.2)
  - Cosmos (~> 23.0)
  - FacebookCore
  - FacebookLogin
  - Kingfisher (~> 5.0)
  - MBRadioCheckboxButton
  - MOLH
  - SDWebImage (~> 5.0)
  - SwiftyJSON (~> 4.0)
  - Swinject

SPEC REPOS:
  trunk:
    - AACarousel
    - Alamofire
    - Cosmos
    - FacebookCore
    - FacebookLogin
    - FBSDKCoreKit
    - FBSDKLoginKit
    - Kingfisher
    - MBRadioCheckboxButton
    - MOLH
    - SDWebImage
    - SwiftyJSON
    - Swinject

SPEC CHECKSUMS:
  AACarousel: e0dbd2d3153c56c36df8aa282553f20fc88e132b
  Alamofire: e911732990610fe89af59ac0077f923d72dc3dfd
  Cosmos: b5c6a9a637e28a061b54c8f8b1d8529d7d4db73f
  FacebookCore: ba86524b66cfa86d0f8e65d08faa8504a9f732dd
  FacebookLogin: 6cee9fd6e1fe976fe8f7eec199e27b28b14f5d63
  FBSDKCoreKit: 1d5acf7c9d7a2f92bb1a242dc60cae5b7adb91df
  FBSDKLoginKit: f1ea8026a58b52d30c9f2e6a58ca7d813619fb83
  Kingfisher: 7b64389a43139c903ec434788344c288217c792d
  MBRadioCheckboxButton: 6e2a2cdc441e292e45b64c4e65eb8fc1fc05eef2
  MOLH: 9ea6c0390f5963b2df9827ae64035fbc8598b092
  SDWebImage: a31ee8e90a97303529e03fb0c333eae0eacb88e9
  SwiftyJSON: 6faa0040f8b59dead0ee07436cbf76b73c08fd08
  Swinject: ddf78b8486dd9b71a667b852cad919ab4484478e

PODFILE CHECKSUM: 80f5c2c8e7d034a875e93bdcb6036059a6bbbb26

COCOAPODS: 1.9.3
