// !$*UTF8*$!
{
	archiveVersion = 1;
	classes = {
	};
	objectVersion = 50;
	objects = {

/* Begin PBXBuildFile section */
		A8AC86A425875B2600604E64 /* AppDelegate.swift in Sources */ = {isa = PBXBuildFile; fileRef = A8AC86A325875B2600604E64 /* AppDelegate.swift */; };
		A8AC86A625875B2600604E64 /* SceneDelegate.swift in Sources */ = {isa = PBXBuildFile; fileRef = A8AC86A525875B2600604E64 /* SceneDelegate.swift */; };
		A8AC86A825875B2600604E64 /* ViewController.swift in Sources */ = {isa = PBXBuildFile; fileRef = A8AC86A725875B2600604E64 /* ViewController.swift */; };
		A8AC86AB25875B2600604E64 /* Main.storyboard in Resources */ = {isa = PBXBuildFile; fileRef = A8AC86A925875B2600604E64 /* Main.storyboard */; };
		A8AC86AE25875B2600604E64 /* Seha_Khanah.xcdatamodeld in Sources */ = {isa = PBXBuildFile; fileRef = A8AC86AC25875B2600604E64 /* Seha_Khanah.xcdatamodeld */; };
		A8AC86B025875B2B00604E64 /* Assets.xcassets in Resources */ = {isa = PBXBuildFile; fileRef = A8AC86AF25875B2B00604E64 /* Assets.xcassets */; };
		A8AC86B325875B2B00604E64 /* LaunchScreen.storyboard in Resources */ = {isa = PBXBuildFile; fileRef = A8AC86B125875B2B00604E64 /* LaunchScreen.storyboard */; };
/* End PBXBuildFile section */

/* Begin PBXFileReference section */
		A8AC86A025875B2600604E64 /* Seha Khanah.app */ = {isa = PBXFileReference; explicitFileType = wrapper.application; includeInIndex = 0; path = "Seha Khanah.app"; sourceTree = BUILT_PRODUCTS_DIR; };
		A8AC86A325875B2600604E64 /* AppDelegate.swift */ = {isa = PBXFileReference; lastKnownFileType = sourcecode.swift; path = AppDelegate.swift; sourceTree = "<group>"; };
		A8AC86A525875B2600604E64 /* SceneDelegate.swift */ = {isa = PBXFileReference; lastKnownFileType = sourcecode.swift; path = SceneDelegate.swift; sourceTree = "<group>"; };
		A8AC86A725875B2600604E64 /* ViewController.swift */ = {isa = PBXFileReference; lastKnownFileType = sourcecode.swift; path = ViewController.swift; sourceTree = "<group>"; };
		A8AC86AA25875B2600604E64 /* Base */ = {isa = PBXFileReference; lastKnownFileType = file.storyboard; name = Base; path = Base.lproj/Main.storyboard; sourceTree = "<group>"; };
		A8AC86AD25875B2600604E64 /* Seha_Khanah.xcdatamodel */ = {isa = PBXFileReference; lastKnownFileType = wrapper.xcdatamodel; path = Seha_Khanah.xcdatamodel; sourceTree = "<group>"; };
		A8AC86AF25875B2B00604E64 /* Assets.xcassets */ = {isa = PBXFileReference; lastKnownFileType = folder.assetcatalog; path = Assets.xcassets; sourceTree = "<group>"; };
		A8AC86B225875B2B00604E64 /* Base */ = {isa = PBXFileReference; lastKnownFileType = file.storyboard; name = Base; path = Base.lproj/LaunchScreen.storyboard; sourceTree = "<group>"; };
		A8AC86B425875B2B00604E64 /* Info.plist */ = {isa = PBXFileReference; lastKnownFileType = text.plist.xml; path = Info.plist; sourceTree = "<group>"; };
/* End PBXFileReference section */

/* Begin PBXFrameworksBuildPhase section */
		A8AC869D25875B2500604E64 /* Frameworks */ = {
			isa = PBXFrameworksBuildPhase;
			buildActionMask = 2147483647;
			files = (
			);
			runOnlyForDeploymentPostprocessing = 0;
		};
/* End PBXFrameworksBuildPhase section */

/* Begin PBXGroup section */
		A8AC869725875B2500604E64 = {
			isa = PBXGroup;
			children = (
				A8AC86A225875B2600604E64 /* Seha Khanah */,
				A8AC86A125875B2600604E64 /* Products */,
			);
			sourceTree = "<group>";
		};
		A8AC86A125875B2600604E64 /* Products */ = {
			isa = PBXGroup;
			children = (
				A8AC86A025875B2600604E64 /* Seha Khanah.app */,
			);
			name = Products;
			sourceTree = "<group>";
		};
		A8AC86A225875B2600604E64 /* Seha Khanah */ = {
			isa = PBXGroup;
			children = (
				A8AC86A325875B2600604E64 /* AppDelegate.swift */,
				A8AC86A525875B2600604E64 /* SceneDelegate.swift */,
				A8AC86A725875B2600604E64 /* ViewController.swift */,
				A8AC86A925875B2600604E64 /* Main.storyboard */,
				A8AC86AF25875B2B00604E64 /* Assets.xcassets */,
				A8AC86B125875B2B00604E64 /* LaunchScreen.storyboard */,
				A8AC86B425875B2B00604E64 /* Info.plist */,
				A8AC86AC25875B2600604E64 /* Seha_Khanah.xcdatamodeld */,
			);
			path = "Seha Khanah";
			sourceTree = "<group>";
		};
/* End PBXGroup section */

/* Begin PBXNativeTarget section */
		A8AC869F25875B2500604E64 /* Seha Khanah */ = {
			isa = PBXNativeTarget;
			buildConfigurationList = A8AC86B725875B2B00604E64 /* Build configuration list for PBXNativeTarget "Seha Khanah" */;
			buildPhases = (
				A8AC869C25875B2500604E64 /* Sources */,
				A8AC869D25875B2500604E64 /* Frameworks */,
				A8AC869E25875B2500604E64 /* Resources */,
			);
			buildRules = (
			);
			dependencies = (
			);
			name = "Seha Khanah";
			productName = "Seha Khanah";
			productReference = A8AC86A025875B2600604E64 /* Seha Khanah.app */;
			productType = "com.apple.product-type.application";
		};
/* End PBXNativeTarget section */

/* Begin PBXProject section */
		A8AC869825875B2500604E64 /* Project object */ = {
			isa = PBXProject;
			attributes = {
				LastSwiftUpdateCheck = 1150;
				LastUpgradeCheck = 1150;
				ORGANIZATIONNAME = Anas;
				TargetAttributes = {
					A8AC869F25875B2500604E64 = {
						CreatedOnToolsVersion = 11.5;
					};
				};
			};
			buildConfigurationList = A8AC869B25875B2500604E64 /* Build configuration list for PBXProject "Seha Khanah" */;
			compatibilityVersion = "Xcode 9.3";
			developmentRegion = en;
			hasScannedForEncodings = 0;
			knownRegions = (
				en,
				Base,
			);
			mainGroup = A8AC869725875B2500604E64;
			productRefGroup = A8AC86A125875B2600604E64 /* Products */;
			projectDirPath = "";
			projectRoot = "";
			targets = (
				A8AC869F25875B2500604E64 /* Seha Khanah */,
			);
		};
/* End PBXProject section */

/* Begin PBXResourcesBuildPhase section */
		A8AC869E25875B2500604E64 /* Resources */ = {
			isa = PBXResourcesBuildPhase;
			buildActionMask = 2147483647;
			files = (
				A8AC86B325875B2B00604E64 /* LaunchScreen.storyboard in Resources */,
				A8AC86B025875B2B00604E64 /* Assets.xcassets in Resources */,
				A8AC86AB25875B2600604E64 /* Main.storyboard in Resources */,
			);
			runOnlyForDeploymentPostprocessing = 0;
		};
/* End PBXResourcesBuildPhase section */

/* Begin PBXSourcesBuildPhase section */
		A8AC869C25875B2500604E64 /* Sources */ = {
			isa = PBXSourcesBuildPhase;
			buildActionMask = 2147483647;
			files = (
				A8AC86A825875B2600604E64 /* ViewController.swift in Sources */,
				A8AC86A425875B2600604E64 /* AppDelegate.swift in Sources */,
				A8AC86A625875B2600604E64 /* SceneDelegate.swift in Sources */,
				A8AC86AE25875B2600604E64 /* Seha_Khanah.xcdatamodeld in Sources */,
			);
			runOnlyForDeploymentPostprocessing = 0;
		};
/* End PBXSourcesBuildPhase section */

/* Begin PBXVariantGroup section */
		A8AC86A925875B2600604E64 /* Main.storyboard */ = {
			isa = PBXVariantGroup;
			children = (
				A8AC86AA25875B2600604E64 /* Base */,
			);
			name = Main.storyboard;
			sourceTree = "<group>";
		};
		A8AC86B125875B2B00604E64 /* LaunchScreen.storyboard */ = {
			isa = PBXVariantGroup;
			children = (
				A8AC86B225875B2B00604E64 /* Base */,
			);
			name = LaunchScreen.storyboard;
			sourceTree = "<group>";
		};
/* End PBXVariantGroup section */

/* Begin XCBuildConfiguration section */
		A8AC86B525875B2B00604E64 /* Debug */ = {
			isa = XCBuildConfiguration;
			buildSettings = {
				ALWAYS_SEARCH_USER_PATHS = NO;
				CLANG_ANALYZER_NONNULL = YES;
				CLANG_ANALYZER_NUMBER_OBJECT_CONVERSION = YES_AGGRESSIVE;
				CLANG_CXX_LANGUAGE_STANDARD = "gnu++14";
				CLANG_CXX_LIBRARY = "libc++";
				CLANG_ENABLE_MODULES = YES;
				CLANG_ENABLE_OBJC_ARC = YES;
				CLANG_ENABLE_OBJC_WEAK = YES;
				CLANG_WARN_BLOCK_CAPTURE_AUTORELEASING = YES;
				CLANG_WARN_BOOL_CONVERSION = YES;
				CLANG_WARN_COMMA = YES;
				CLANG_WARN_CONSTANT_CONVERSION = YES;
				CLANG_WARN_DEPRECATED_OBJC_IMPLEMENTATIONS = YES;
				CLANG_WARN_DIRECT_OBJC_ISA_USAGE = YES_ERROR;
				CLANG_WARN_DOCUMENTATION_COMMENTS = YES;
				CLANG_WARN_EMPTY_BODY = YES;
				CLANG_WARN_ENUM_CONVERSION = YES;
				CLANG_WARN_INFINITE_RECURSION = YES;
				CLANG_WARN_INT_CONVERSION = YES;
				CLANG_WARN_NON_LITERAL_NULL_CONVERSION = YES;
				CLANG_WARN_OBJC_IMPLICIT_RETAIN_SELF = YES;
				CLANG_WARN_OBJC_LITERAL_CONVERSION = YES;
				CLANG_WARN_OBJC_ROOT_CLASS = YES_ERROR;
				CLANG_WARN_RANGE_LOOP_ANALYSIS = YES;
				CLANG_WARN_STRICT_PROTOTYPES = YES;
				CLANG_WARN_SUSPICIOUS_MOVE = YES;
				CLANG_WARN_UNGUARDED_AVAILABILITY = YES_AGGRESSIVE;
				CLANG_WARN_UNREACHABLE_CODE = YES;
				CLANG_WARN__DUPLICATE_METHOD_MATCH = YES;
				COPY_PHASE_STRIP = NO;
				DEBUG_INFORMATION_FORMAT = dwarf;
				ENABLE_STRICT_OBJC_MSGSEND = YES;
				ENABLE_TESTABILITY = YES;
				GCC_C_LANGUAGE_STANDARD = gnu11;
				GCC_DYNAMIC_NO_PIC = NO;
				GCC_NO_COMMON_BLOCKS = YES;
				GCC_OPTIMIZATION_LEVEL = 0;
				GCC_PREPROCESSOR_DEFINITIONS = (
					"DEBUG=1",
					"$(inherited)",
				);
				GCC_WARN_64_TO_32_BIT_CONVERSION = YES;
				GCC_WARN_ABOUT_RETURN_TYPE = YES_ERROR;
				GCC_WARN_UNDECLARED_SELECTOR = YES;
				GCC_WARN_UNINITIALIZED_AUTOS = YES_AGGRESSIVE;
				GCC_WARN_UNUSED_FUNCTION = YES;
				GCC_WARN_UNUSED_VARIABLE = YES;
				IPHONEOS_DEPLOYMENT_TARGET = 13.5;
				MTL_ENABLE_DEBUG_INFO = INCLUDE_SOURCE;
				MTL_FAST_MATH = YES;
				ONLY_ACTIVE_ARCH = YES;
				SDKROOT = iphoneos;
				SWIFT_ACTIVE_COMPILATION_CONDITIONS = DEBUG;
				SWIFT_OPTIMIZATION_LEVEL = "-Onone";
			};
			name = Debug;
		};
		A8AC86B625875B2B00604E64 /* Release */ = {
			isa = XCBuildConfiguration;
			buildSettings = {
				ALWAYS_SEARCH_USER_PATHS = NO;
				CLANG_ANALYZER_NONNULL = YES;
				CLANG_ANALYZER_NUMBER_OBJECT_CONVERSION = YES_AGGRESSIVE;
				CLANG_CXX_LANGUAGE_STANDARD = "gnu++14";
				CLANG_CXX_LIBRARY = "libc++";
				CLANG_ENABLE_MODULES = YES;
				CLANG_ENABLE_OBJC_ARC = YES;
				CLANG_ENABLE_OBJC_WEAK = YES;
				CLANG_WARN_BLOCK_CAPTURE_AUTORELEASING = YES;
				CLANG_WARN_BOOL_CONVERSION = YES;
				CLANG_WARN_COMMA = YES;
				CLANG_WARN_CONSTANT_CONVERSION = YES;
				CLANG_WARN_DEPRECATED_OBJC_IMPLEMENTATIONS = YES;
				CLANG_WARN_DIRECT_OBJC_ISA_USAGE = YES_ERROR;
				CLANG_WARN_DOCUMENTATION_COMMENTS = YES;
				CLANG_WARN_EMPTY_BODY = YES;
				CLANG_WARN_ENUM_CONVERSION = YES;
				CLANG_WARN_INFINITE_RECURSION = YES;
				CLANG_WARN_INT_CONVERSION = YES;
				CLANG_WARN_NON_LITERAL_NULL_CONVERSION = YES;
				CLANG_WARN_OBJC_IMPLICIT_RETAIN_SELF = YES;
				CLANG_WARN_OBJC_LITERAL_CONVERSION = YES;
				CLANG_WARN_OBJC_ROOT_CLASS = YES_ERROR;
				CLANG_WARN_RANGE_LOOP_ANALYSIS = YES;
				CLANG_WARN_STRICT_PROTOTYPES = YES;
				CLANG_WARN_SUSPICIOUS_MOVE = YES;
				CLANG_WARN_UNGUARDED_AVAILABILITY = YES_AGGRESSIVE;
				CLANG_WARN_UNREACHABLE_CODE = YES;
				CLANG_WARN__DUPLICATE_METHOD_MATCH = YES;
				COPY_PHASE_STRIP = NO;
				DEBUG_INFORMATION_FORMAT = "dwarf-with-dsym";
				ENABLE_NS_ASSERTIONS = NO;
				ENABLE_STRICT_OBJC_MSGSEND = YES;
				GCC_C_LANGUAGE_STANDARD = gnu11;
				GCC_NO_COMMON_BLOCKS = YES;
				GCC_WARN_64_TO_32_BIT_CONVERSION = YES;
				GCC_WARN_ABOUT_RETURN_TYPE = YES_ERROR;
				GCC_WARN_UNDECLARED_SELECTOR = YES;
				GCC_WARN_UNINITIALIZED_AUTOS = YES_AGGRESSIVE;
				GCC_WARN_UNUSED_FUNCTION = YES;
				GCC_WARN_UNUSED_VARIABLE = YES;
				IPHONEOS_DEPLOYMENT_TARGET = 13.5;
				MTL_ENABLE_DEBUG_INFO = NO;
				MTL_FAST_MATH = YES;
				SDKROOT = iphoneos;
				SWIFT_COMPILATION_MODE = wholemodule;
				SWIFT_OPTIMIZATION_LEVEL = "-O";
				VALIDATE_PRODUCT = YES;
			};
			name = Release;
		};
		A8AC86B825875B2B00604E64 /* Debug */ = {
			isa = XCBuildConfiguration;
			buildSettings = {
				ASSETCATALOG_COMPILER_APPICON_NAME = AppIcon;
				CODE_SIGN_STYLE = Automatic;
				INFOPLIST_FILE = "Seha Khanah/Info.plist";
				LD_RUNPATH_SEARCH_PATHS = (
					"$(inherited)",
					"@executable_path/Frameworks",
				);
				PRODUCT_BUNDLE_IDENTIFIER = "anas.Seha-Khanah";
				PRODUCT_NAME = "$(TARGET_NAME)";
				SWIFT_VERSION = 5.0;
				TARGETED_DEVICE_FAMILY = "1,2";
			};
			name = Debug;
		};
		A8AC86B925875B2B00604E64 /* Release */ = {
			isa = XCBuildConfiguration;
			buildSettings = {
				ASSETCATALOG_COMPILER_APPICON_NAME = AppIcon;
				CODE_SIGN_STYLE = Automatic;
				INFOPLIST_FILE = "Seha Khanah/Info.plist";
				LD_RUNPATH_SEARCH_PATHS = (
					"$(inherited)",
					"@executable_path/Frameworks",
				);
				PRODUCT_BUNDLE_IDENTIFIER = "anas.Seha-Khanah";
				PRODUCT_NAME = "$(TARGET_NAME)";
				SWIFT_VERSION = 5.0;
				TARGETED_DEVICE_FAMILY = "1,2";
			};
			name = Release;
		};
/* End XCBuildConfiguration section */

/* Begin XCConfigurationList section */
		A8AC869B25875B2500604E64 /* Build configuration list for PBXProject "Seha Khanah" */ = {
			isa = XCConfigurationList;
			buildConfigurations = (
				A8AC86B525875B2B00604E64 /* Debug */,
				A8AC86B625875B2B00604E64 /* Release */,
			);
			defaultConfigurationIsVisible = 0;
			defaultConfigurationName = Release;
		};
		A8AC86B725875B2B00604E64 /* Build configuration list for PBXNativeTarget "Seha Khanah" */ = {
			isa = XCConfigurationList;
			buildConfigurations = (
				A8AC86B825875B2B00604E64 /* Debug */,
				A8AC86B925875B2B00604E64 /* Release */,
			);
			defaultConfigurationIsVisible = 0;
			defaultConfigurationName = Release;
		};
/* End XCConfigurationList section */

/* Begin XCVersionGroup section */
		A8AC86AC25875B2600604E64 /* Seha_Khanah.xcdatamodeld */ = {
			isa = XCVersionGroup;
			children = (
				A8AC86AD25875B2600604E64 /* Seha_Khanah.xcdatamodel */,
			);
			currentVersion = A8AC86AD25875B2600604E64 /* Seha_Khanah.xcdatamodel */;
			path = Seha_Khanah.xcdatamodeld;
			sourceTree = "<group>";
			versionGroupType = wrapper.xcdatamodel;
		};
/* End XCVersionGroup section */
	};
	rootObject = A8AC869825875B2500604E64 /* Project object */;
}
