// !$*UTF8*$!
{
	archiveVersion = 1;
	classes = {
	};
	objectVersion = 51;
	objects = {

/* Begin PBXBuildFile section */
		983E5BABE968628AE8E4DF87 /* Pods_Seha_Khanah.framework in Frameworks */ = {isa = PBXBuildFile; fileRef = 4BAB956F4EBA370A722B7DDF /* Pods_Seha_Khanah.framework */; };
		A82EA356258F522400F30C61 /* OffersViewController+CategoriesCollectionView.swift in Sources */ = {isa = PBXBuildFile; fileRef = A82EA355258F522400F30C61 /* OffersViewController+CategoriesCollectionView.swift */; };
		A82EA358258F538100F30C61 /* OffersViewController+OffersCategoriesProtocolViewExtenstion.swift in Sources */ = {isa = PBXBuildFile; fileRef = A82EA357258F538100F30C61 /* OffersViewController+OffersCategoriesProtocolViewExtenstion.swift */; };
		A82EA35A258F53F900F30C61 /* OffersViewController+ImageSliderExtension.swift in Sources */ = {isa = PBXBuildFile; fileRef = A82EA359258F53F900F30C61 /* OffersViewController+ImageSliderExtension.swift */; };
		A82F34142587E463000A3591 /* Login.storyboard in Resources */ = {isa = PBXBuildFile; fileRef = A82F34132587E463000A3591 /* Login.storyboard */; };
		A82F34162587E489000A3591 /* LoginViewController.swift in Sources */ = {isa = PBXBuildFile; fileRef = A82F34152587E489000A3591 /* LoginViewController.swift */; };
		A83CB062258B4DBA00207BDC /* State.swift in Sources */ = {isa = PBXBuildFile; fileRef = A83CB061258B4DBA00207BDC /* State.swift */; };
		A83CB066258B63BC00207BDC /* SehaKhanahRouter.swift in Sources */ = {isa = PBXBuildFile; fileRef = A83CB065258B63BC00207BDC /* SehaKhanahRouter.swift */; };
		A83D6EAD258A20AD00186693 /* Offers.storyboard in Resources */ = {isa = PBXBuildFile; fileRef = A83D6EAC258A20AD00186693 /* Offers.storyboard */; };
		A83D6EB2258A2E6000186693 /* OffersTableViewCell.swift in Sources */ = {isa = PBXBuildFile; fileRef = A83D6EB0258A2E6000186693 /* OffersTableViewCell.swift */; };
		A83D6EB3258A2E6000186693 /* OffersTableViewCell.xib in Resources */ = {isa = PBXBuildFile; fileRef = A83D6EB1258A2E6000186693 /* OffersTableViewCell.xib */; };
		A83D6EB7258A322500186693 /* OfferCategoriesCollectionViewCell.swift in Sources */ = {isa = PBXBuildFile; fileRef = A83D6EB5258A322500186693 /* OfferCategoriesCollectionViewCell.swift */; };
		A83D6EB8258A322500186693 /* OfferCategoriesCollectionViewCell.xib in Resources */ = {isa = PBXBuildFile; fileRef = A83D6EB6258A322500186693 /* OfferCategoriesCollectionViewCell.xib */; };
		A83D6EBD258A394C00186693 /* NetworkingConstants.swift in Sources */ = {isa = PBXBuildFile; fileRef = A83D6EBC258A394C00186693 /* NetworkingConstants.swift */; };
		A87D28D9258C176B00B7957F /* OffersCategory.swift in Sources */ = {isa = PBXBuildFile; fileRef = A87D28D8258C176B00B7957F /* OffersCategory.swift */; };
		A8A9B36A258CE1B3002DA9A0 /* OffersCategoriesPresenter.swift in Sources */ = {isa = PBXBuildFile; fileRef = A8A9B369258CE1B3002DA9A0 /* OffersCategoriesPresenter.swift */; };
		A8A9B36E258CE3C6002DA9A0 /* OffersCategoriesViewProtocol.swift in Sources */ = {isa = PBXBuildFile; fileRef = A8A9B36D258CE3C6002DA9A0 /* OffersCategoriesViewProtocol.swift */; };
		A8A9B370258CE9E3002DA9A0 /* OffersCategoriesCellView.swift in Sources */ = {isa = PBXBuildFile; fileRef = A8A9B36F258CE9E3002DA9A0 /* OffersCategoriesCellView.swift */; };
		A8A9B372258CEEA3002DA9A0 /* OffersViewController.swift in Sources */ = {isa = PBXBuildFile; fileRef = A8A9B371258CEEA3002DA9A0 /* OffersViewController.swift */; };
		A8A9B375258CF6B7002DA9A0 /* OffersInteractor.swift in Sources */ = {isa = PBXBuildFile; fileRef = A8A9B374258CF6B7002DA9A0 /* OffersInteractor.swift */; };
		A8AC86A425875B2600604E64 /* AppDelegate.swift in Sources */ = {isa = PBXBuildFile; fileRef = A8AC86A325875B2600604E64 /* AppDelegate.swift */; };
		A8AC86A625875B2600604E64 /* SceneDelegate.swift in Sources */ = {isa = PBXBuildFile; fileRef = A8AC86A525875B2600604E64 /* SceneDelegate.swift */; };
		A8AC86A825875B2600604E64 /* ViewController.swift in Sources */ = {isa = PBXBuildFile; fileRef = A8AC86A725875B2600604E64 /* ViewController.swift */; };
		A8AC86AB25875B2600604E64 /* Main.storyboard in Resources */ = {isa = PBXBuildFile; fileRef = A8AC86A925875B2600604E64 /* Main.storyboard */; };
		A8AC86AE25875B2600604E64 /* Seha_Khanah.xcdatamodeld in Sources */ = {isa = PBXBuildFile; fileRef = A8AC86AC25875B2600604E64 /* Seha_Khanah.xcdatamodeld */; };
		A8AC86B025875B2B00604E64 /* Assets.xcassets in Resources */ = {isa = PBXBuildFile; fileRef = A8AC86AF25875B2B00604E64 /* Assets.xcassets */; };
		A8AC86B325875B2B00604E64 /* LaunchScreen.storyboard in Resources */ = {isa = PBXBuildFile; fileRef = A8AC86B125875B2B00604E64 /* LaunchScreen.storyboard */; };
		A8AC86C025876E3F00604E64 /* Signup.storyboard in Resources */ = {isa = PBXBuildFile; fileRef = A8AC86BF25876E3E00604E64 /* Signup.storyboard */; };
		A8DBD8332588EF21001C203E /* MainViewController.swift in Sources */ = {isa = PBXBuildFile; fileRef = A8DBD8322588EF21001C203E /* MainViewController.swift */; };
		A8DBD8352588EF6D001C203E /* MainStoryboard.storyboard in Resources */ = {isa = PBXBuildFile; fileRef = A8DBD8342588EF6D001C203E /* MainStoryboard.storyboard */; };
		A8DBD837258908B5001C203E /* SearchViewController.swift in Sources */ = {isa = PBXBuildFile; fileRef = A8DBD836258908B5001C203E /* SearchViewController.swift */; };
		A8F299892587AE7000A6BB35 /* RegisterViewController.swift in Sources */ = {isa = PBXBuildFile; fileRef = A8F299882587AE7000A6BB35 /* RegisterViewController.swift */; };
		A8F2998B2587AF3500A6BB35 /* UITextFieldIcon+Extension.swift in Sources */ = {isa = PBXBuildFile; fileRef = A8F2998A2587AF3500A6BB35 /* UITextFieldIcon+Extension.swift */; };
/* End PBXBuildFile section */

/* Begin PBXFileReference section */
		3DA4EE16A079CCA158986A8D /* Pods-Seha Khanah.release.xcconfig */ = {isa = PBXFileReference; includeInIndex = 1; lastKnownFileType = text.xcconfig; name = "Pods-Seha Khanah.release.xcconfig"; path = "Target Support Files/Pods-Seha Khanah/Pods-Seha Khanah.release.xcconfig"; sourceTree = "<group>"; };
		4B2CFFACA35D7A4AC1B8348A /* Pods-Seha Khanah.debug.xcconfig */ = {isa = PBXFileReference; includeInIndex = 1; lastKnownFileType = text.xcconfig; name = "Pods-Seha Khanah.debug.xcconfig"; path = "Target Support Files/Pods-Seha Khanah/Pods-Seha Khanah.debug.xcconfig"; sourceTree = "<group>"; };
		4BAB956F4EBA370A722B7DDF /* Pods_Seha_Khanah.framework */ = {isa = PBXFileReference; explicitFileType = wrapper.framework; includeInIndex = 0; path = Pods_Seha_Khanah.framework; sourceTree = BUILT_PRODUCTS_DIR; };
		A82EA355258F522400F30C61 /* OffersViewController+CategoriesCollectionView.swift */ = {isa = PBXFileReference; lastKnownFileType = sourcecode.swift; path = "OffersViewController+CategoriesCollectionView.swift"; sourceTree = "<group>"; };
		A82EA357258F538100F30C61 /* OffersViewController+OffersCategoriesProtocolViewExtenstion.swift */ = {isa = PBXFileReference; lastKnownFileType = sourcecode.swift; path = "OffersViewController+OffersCategoriesProtocolViewExtenstion.swift"; sourceTree = "<group>"; };
		A82EA359258F53F900F30C61 /* OffersViewController+ImageSliderExtension.swift */ = {isa = PBXFileReference; lastKnownFileType = sourcecode.swift; path = "OffersViewController+ImageSliderExtension.swift"; sourceTree = "<group>"; };
		A82F34132587E463000A3591 /* Login.storyboard */ = {isa = PBXFileReference; lastKnownFileType = file.storyboard; path = Login.storyboard; sourceTree = "<group>"; };
		A82F34152587E489000A3591 /* LoginViewController.swift */ = {isa = PBXFileReference; lastKnownFileType = sourcecode.swift; path = LoginViewController.swift; sourceTree = "<group>"; };
		A83CB061258B4DBA00207BDC /* State.swift */ = {isa = PBXFileReference; lastKnownFileType = sourcecode.swift; path = State.swift; sourceTree = "<group>"; };
		A83CB065258B63BC00207BDC /* SehaKhanahRouter.swift */ = {isa = PBXFileReference; lastKnownFileType = sourcecode.swift; path = SehaKhanahRouter.swift; sourceTree = "<group>"; };
		A83D6EAC258A20AD00186693 /* Offers.storyboard */ = {isa = PBXFileReference; lastKnownFileType = file.storyboard; path = Offers.storyboard; sourceTree = "<group>"; };
		A83D6EB0258A2E6000186693 /* OffersTableViewCell.swift */ = {isa = PBXFileReference; lastKnownFileType = sourcecode.swift; path = OffersTableViewCell.swift; sourceTree = "<group>"; };
		A83D6EB1258A2E6000186693 /* OffersTableViewCell.xib */ = {isa = PBXFileReference; lastKnownFileType = file.xib; path = OffersTableViewCell.xib; sourceTree = "<group>"; };
		A83D6EB5258A322500186693 /* OfferCategoriesCollectionViewCell.swift */ = {isa = PBXFileReference; lastKnownFileType = sourcecode.swift; path = OfferCategoriesCollectionViewCell.swift; sourceTree = "<group>"; };
		A83D6EB6258A322500186693 /* OfferCategoriesCollectionViewCell.xib */ = {isa = PBXFileReference; lastKnownFileType = file.xib; path = OfferCategoriesCollectionViewCell.xib; sourceTree = "<group>"; };
		A83D6EBC258A394C00186693 /* NetworkingConstants.swift */ = {isa = PBXFileReference; lastKnownFileType = sourcecode.swift; path = NetworkingConstants.swift; sourceTree = "<group>"; };
		A87D28D8258C176B00B7957F /* OffersCategory.swift */ = {isa = PBXFileReference; lastKnownFileType = sourcecode.swift; path = OffersCategory.swift; sourceTree = "<group>"; };
		A8A9B369258CE1B3002DA9A0 /* OffersCategoriesPresenter.swift */ = {isa = PBXFileReference; lastKnownFileType = sourcecode.swift; path = OffersCategoriesPresenter.swift; sourceTree = "<group>"; };
		A8A9B36D258CE3C6002DA9A0 /* OffersCategoriesViewProtocol.swift */ = {isa = PBXFileReference; lastKnownFileType = sourcecode.swift; path = OffersCategoriesViewProtocol.swift; sourceTree = "<group>"; };
		A8A9B36F258CE9E3002DA9A0 /* OffersCategoriesCellView.swift */ = {isa = PBXFileReference; lastKnownFileType = sourcecode.swift; path = OffersCategoriesCellView.swift; sourceTree = "<group>"; };
		A8A9B371258CEEA3002DA9A0 /* OffersViewController.swift */ = {isa = PBXFileReference; lastKnownFileType = sourcecode.swift; path = OffersViewController.swift; sourceTree = "<group>"; };
		A8A9B374258CF6B7002DA9A0 /* OffersInteractor.swift */ = {isa = PBXFileReference; lastKnownFileType = sourcecode.swift; path = OffersInteractor.swift; sourceTree = "<group>"; };
		A8AC86A025875B2600604E64 /* Seha Khanah.app */ = {isa = PBXFileReference; explicitFileType = wrapper.application; includeInIndex = 0; path = "Seha Khanah.app"; sourceTree = BUILT_PRODUCTS_DIR; };
		A8AC86A325875B2600604E64 /* AppDelegate.swift */ = {isa = PBXFileReference; lastKnownFileType = sourcecode.swift; path = AppDelegate.swift; sourceTree = "<group>"; };
		A8AC86A525875B2600604E64 /* SceneDelegate.swift */ = {isa = PBXFileReference; lastKnownFileType = sourcecode.swift; path = SceneDelegate.swift; sourceTree = "<group>"; };
		A8AC86A725875B2600604E64 /* ViewController.swift */ = {isa = PBXFileReference; lastKnownFileType = sourcecode.swift; path = ViewController.swift; sourceTree = "<group>"; };
		A8AC86AA25875B2600604E64 /* Base */ = {isa = PBXFileReference; lastKnownFileType = file.storyboard; name = Base; path = Base.lproj/Main.storyboard; sourceTree = "<group>"; };
		A8AC86AD25875B2600604E64 /* Seha_Khanah.xcdatamodel */ = {isa = PBXFileReference; lastKnownFileType = wrapper.xcdatamodel; path = Seha_Khanah.xcdatamodel; sourceTree = "<group>"; };
		A8AC86AF25875B2B00604E64 /* Assets.xcassets */ = {isa = PBXFileReference; lastKnownFileType = folder.assetcatalog; path = Assets.xcassets; sourceTree = "<group>"; };
		A8AC86B225875B2B00604E64 /* Base */ = {isa = PBXFileReference; lastKnownFileType = file.storyboard; name = Base; path = Base.lproj/LaunchScreen.storyboard; sourceTree = "<group>"; };
		A8AC86B425875B2B00604E64 /* Info.plist */ = {isa = PBXFileReference; lastKnownFileType = text.plist.xml; path = Info.plist; sourceTree = "<group>"; };
		A8AC86BF25876E3E00604E64 /* Signup.storyboard */ = {isa = PBXFileReference; lastKnownFileType = file.storyboard; path = Signup.storyboard; sourceTree = "<group>"; };
		A8DBD8322588EF21001C203E /* MainViewController.swift */ = {isa = PBXFileReference; lastKnownFileType = sourcecode.swift; path = MainViewController.swift; sourceTree = "<group>"; };
		A8DBD8342588EF6D001C203E /* MainStoryboard.storyboard */ = {isa = PBXFileReference; lastKnownFileType = file.storyboard; path = MainStoryboard.storyboard; sourceTree = "<group>"; };
		A8DBD836258908B5001C203E /* SearchViewController.swift */ = {isa = PBXFileReference; lastKnownFileType = sourcecode.swift; path = SearchViewController.swift; sourceTree = "<group>"; };
		A8F299882587AE7000A6BB35 /* RegisterViewController.swift */ = {isa = PBXFileReference; lastKnownFileType = sourcecode.swift; path = RegisterViewController.swift; sourceTree = "<group>"; };
		A8F2998A2587AF3500A6BB35 /* UITextFieldIcon+Extension.swift */ = {isa = PBXFileReference; lastKnownFileType = sourcecode.swift; path = "UITextFieldIcon+Extension.swift"; sourceTree = "<group>"; };
/* End PBXFileReference section */

/* Begin PBXFrameworksBuildPhase section */
		A8AC869D25875B2500604E64 /* Frameworks */ = {
			isa = PBXFrameworksBuildPhase;
			buildActionMask = 2147483647;
			files = (
				983E5BABE968628AE8E4DF87 /* Pods_Seha_Khanah.framework in Frameworks */,
			);
			runOnlyForDeploymentPostprocessing = 0;
		};
/* End PBXFrameworksBuildPhase section */

/* Begin PBXGroup section */
		6534F88701601621A7404715 /* Pods */ = {
			isa = PBXGroup;
			children = (
				4B2CFFACA35D7A4AC1B8348A /* Pods-Seha Khanah.debug.xcconfig */,
				3DA4EE16A079CCA158986A8D /* Pods-Seha Khanah.release.xcconfig */,
			);
			path = Pods;
			sourceTree = "<group>";
		};
		A82EA354258F51DF00F30C61 /* Extenstions */ = {
			isa = PBXGroup;
			children = (
				A82EA355258F522400F30C61 /* OffersViewController+CategoriesCollectionView.swift */,
				A82EA357258F538100F30C61 /* OffersViewController+OffersCategoriesProtocolViewExtenstion.swift */,
				A82EA359258F53F900F30C61 /* OffersViewController+ImageSliderExtension.swift */,
			);
			path = Extenstions;
			sourceTree = "<group>";
		};
		A82F34112587DC96000A3591 /* View */ = {
			isa = PBXGroup;
			children = (
				A8F299882587AE7000A6BB35 /* RegisterViewController.swift */,
				A8AC86BF25876E3E00604E64 /* Signup.storyboard */,
			);
			path = View;
			sourceTree = "<group>";
		};
		A82F34122587E429000A3591 /* View */ = {
			isa = PBXGroup;
			children = (
				A82F34132587E463000A3591 /* Login.storyboard */,
				A82F34152587E489000A3591 /* LoginViewController.swift */,
			);
			path = View;
			sourceTree = "<group>";
		};
		A83D6EAA258A206300186693 /* OffersScene */ = {
			isa = PBXGroup;
			children = (
				A8A9B373258CF606002DA9A0 /* Interactor */,
				A8A9B368258CE18C002DA9A0 /* Presenter */,
				A83D6EAB258A207900186693 /* View */,
			);
			path = OffersScene;
			sourceTree = "<group>";
		};
		A83D6EAB258A207900186693 /* View */ = {
			isa = PBXGroup;
			children = (
				A82EA354258F51DF00F30C61 /* Extenstions */,
				A83D6EAE258A2DD600186693 /* OffersListViewTableView */,
				A83D6EAC258A20AD00186693 /* Offers.storyboard */,
				A8A9B371258CEEA3002DA9A0 /* OffersViewController.swift */,
			);
			path = View;
			sourceTree = "<group>";
		};
		A83D6EAE258A2DD600186693 /* OffersListViewTableView */ = {
			isa = PBXGroup;
			children = (
				A8A9B36D258CE3C6002DA9A0 /* OffersCategoriesViewProtocol.swift */,
				A83D6EAF258A2E3500186693 /* Cells */,
			);
			path = OffersListViewTableView;
			sourceTree = "<group>";
		};
		A83D6EAF258A2E3500186693 /* Cells */ = {
			isa = PBXGroup;
			children = (
				A83D6EB9258A329700186693 /* TableViewCell */,
				A83D6EB4258A31D900186693 /* CollectionViewCell */,
			);
			path = Cells;
			sourceTree = "<group>";
		};
		A83D6EB4258A31D900186693 /* CollectionViewCell */ = {
			isa = PBXGroup;
			children = (
				A83D6EB5258A322500186693 /* OfferCategoriesCollectionViewCell.swift */,
				A83D6EB6258A322500186693 /* OfferCategoriesCollectionViewCell.xib */,
			);
			path = CollectionViewCell;
			sourceTree = "<group>";
		};
		A83D6EB9258A329700186693 /* TableViewCell */ = {
			isa = PBXGroup;
			children = (
				A83D6EB0258A2E6000186693 /* OffersTableViewCell.swift */,
				A83D6EB1258A2E6000186693 /* OffersTableViewCell.xib */,
				A8A9B36F258CE9E3002DA9A0 /* OffersCategoriesCellView.swift */,
			);
			path = TableViewCell;
			sourceTree = "<group>";
		};
		A83D6EBA258A391F00186693 /* NetworkLayer */ = {
			isa = PBXGroup;
			children = (
				A83D6EBB258A393200186693 /* Utilities */,
				A83CB065258B63BC00207BDC /* SehaKhanahRouter.swift */,
			);
			path = NetworkLayer;
			sourceTree = "<group>";
		};
		A83D6EBB258A393200186693 /* Utilities */ = {
			isa = PBXGroup;
			children = (
				A83D6EBC258A394C00186693 /* NetworkingConstants.swift */,
			);
			path = Utilities;
			sourceTree = "<group>";
		};
		A87D28D7258C173700B7957F /* Models */ = {
			isa = PBXGroup;
			children = (
				A87D28D8258C176B00B7957F /* OffersCategory.swift */,
			);
			path = Models;
			sourceTree = "<group>";
		};
		A8A9B368258CE18C002DA9A0 /* Presenter */ = {
			isa = PBXGroup;
			children = (
				A8A9B369258CE1B3002DA9A0 /* OffersCategoriesPresenter.swift */,
			);
			path = Presenter;
			sourceTree = "<group>";
		};
		A8A9B373258CF606002DA9A0 /* Interactor */ = {
			isa = PBXGroup;
			children = (
				A8A9B374258CF6B7002DA9A0 /* OffersInteractor.swift */,
			);
			path = Interactor;
			sourceTree = "<group>";
		};
		A8AC869725875B2500604E64 = {
			isa = PBXGroup;
			children = (
				A8AC86A225875B2600604E64 /* Seha Khanah */,
				A8AC86A125875B2600604E64 /* Products */,
				6534F88701601621A7404715 /* Pods */,
				C0C17034AC418FA8FC07E430 /* Frameworks */,
			);
			sourceTree = "<group>";
		};
		A8AC86A125875B2600604E64 /* Products */ = {
			isa = PBXGroup;
			children = (
				A8AC86A025875B2600604E64 /* Seha Khanah.app */,
			);
			name = Products;
			sourceTree = "<group>";
		};
		A8AC86A225875B2600604E64 /* Seha Khanah */ = {
			isa = PBXGroup;
			children = (
				A87D28D7258C173700B7957F /* Models */,
				A83D6EBA258A391F00186693 /* NetworkLayer */,
				A8AC86C1258790CE00604E64 /* Common */,
				A8AC86BB25876D2C00604E64 /* Presentaion */,
				A8AC86A325875B2600604E64 /* AppDelegate.swift */,
				A8AC86A525875B2600604E64 /* SceneDelegate.swift */,
				A8AC86A725875B2600604E64 /* ViewController.swift */,
				A8AC86A925875B2600604E64 /* Main.storyboard */,
				A8AC86AF25875B2B00604E64 /* Assets.xcassets */,
				A8AC86B125875B2B00604E64 /* LaunchScreen.storyboard */,
				A8AC86B425875B2B00604E64 /* Info.plist */,
				A8AC86AC25875B2600604E64 /* Seha_Khanah.xcdatamodeld */,
			);
			path = "Seha Khanah";
			sourceTree = "<group>";
		};
		A8AC86BB25876D2C00604E64 /* Presentaion */ = {
			isa = PBXGroup;
			children = (
				A83D6EAA258A206300186693 /* OffersScene */,
				A8DBD8302588EE59001C203E /* SearchScene */,
				A8AC86BC25876D4F00604E64 /* AuthenticationScene */,
			);
			path = Presentaion;
			sourceTree = "<group>";
		};
		A8AC86BC25876D4F00604E64 /* AuthenticationScene */ = {
			isa = PBXGroup;
			children = (
				A8AC86BE25876DB300604E64 /* Signup */,
				A8AC86BD25876DA800604E64 /* Login */,
			);
			path = AuthenticationScene;
			sourceTree = "<group>";
		};
		A8AC86BD25876DA800604E64 /* Login */ = {
			isa = PBXGroup;
			children = (
				A82F34122587E429000A3591 /* View */,
			);
			path = Login;
			sourceTree = "<group>";
		};
		A8AC86BE25876DB300604E64 /* Signup */ = {
			isa = PBXGroup;
			children = (
				A82F34112587DC96000A3591 /* View */,
			);
			path = Signup;
			sourceTree = "<group>";
		};
		A8AC86C1258790CE00604E64 /* Common */ = {
			isa = PBXGroup;
			children = (
				A8F2998A2587AF3500A6BB35 /* UITextFieldIcon+Extension.swift */,
				A83CB061258B4DBA00207BDC /* State.swift */,
			);
			path = Common;
			sourceTree = "<group>";
		};
		A8DBD8302588EE59001C203E /* SearchScene */ = {
			isa = PBXGroup;
			children = (
				A8DBD8312588EE6A001C203E /* View */,
			);
			path = SearchScene;
			sourceTree = "<group>";
		};
		A8DBD8312588EE6A001C203E /* View */ = {
			isa = PBXGroup;
			children = (
				A8DBD8322588EF21001C203E /* MainViewController.swift */,
				A8DBD8342588EF6D001C203E /* MainStoryboard.storyboard */,
				A8DBD836258908B5001C203E /* SearchViewController.swift */,
			);
			path = View;
			sourceTree = "<group>";
		};
		C0C17034AC418FA8FC07E430 /* Frameworks */ = {
			isa = PBXGroup;
			children = (
				4BAB956F4EBA370A722B7DDF /* Pods_Seha_Khanah.framework */,
			);
			name = Frameworks;
			sourceTree = "<group>";
		};
/* End PBXGroup section */

/* Begin PBXNativeTarget section */
		A8AC869F25875B2500604E64 /* Seha Khanah */ = {
			isa = PBXNativeTarget;
			buildConfigurationList = A8AC86B725875B2B00604E64 /* Build configuration list for PBXNativeTarget "Seha Khanah" */;
			buildPhases = (
				5686F69C9A5D0815001AD006 /* [CP] Check Pods Manifest.lock */,
				A8AC869C25875B2500604E64 /* Sources */,
				A8AC869D25875B2500604E64 /* Frameworks */,
				A8AC869E25875B2500604E64 /* Resources */,
				09BFEED903FB5EFBD513B7DB /* [CP] Embed Pods Frameworks */,
			);
			buildRules = (
			);
			dependencies = (
			);
			name = "Seha Khanah";
			productName = "Seha Khanah";
			productReference = A8AC86A025875B2600604E64 /* Seha Khanah.app */;
			productType = "com.apple.product-type.application";
		};
/* End PBXNativeTarget section */

/* Begin PBXProject section */
		A8AC869825875B2500604E64 /* Project object */ = {
			isa = PBXProject;
			attributes = {
				LastSwiftUpdateCheck = 1150;
				LastUpgradeCheck = 1150;
				ORGANIZATIONNAME = Anas;
				TargetAttributes = {
					A8AC869F25875B2500604E64 = {
						CreatedOnToolsVersion = 11.5;
					};
				};
			};
			buildConfigurationList = A8AC869B25875B2500604E64 /* Build configuration list for PBXProject "Seha Khanah" */;
			compatibilityVersion = "Xcode 9.3";
			developmentRegion = en;
			hasScannedForEncodings = 0;
			knownRegions = (
				en,
				Base,
			);
			mainGroup = A8AC869725875B2500604E64;
			productRefGroup = A8AC86A125875B2600604E64 /* Products */;
			projectDirPath = "";
			projectRoot = "";
			targets = (
				A8AC869F25875B2500604E64 /* Seha Khanah */,
			);
		};
/* End PBXProject section */

/* Begin PBXResourcesBuildPhase section */
		A8AC869E25875B2500604E64 /* Resources */ = {
			isa = PBXResourcesBuildPhase;
			buildActionMask = 2147483647;
			files = (
				A83D6EB3258A2E6000186693 /* OffersTableViewCell.xib in Resources */,
				A8DBD8352588EF6D001C203E /* MainStoryboard.storyboard in Resources */,
				A83D6EB8258A322500186693 /* OfferCategoriesCollectionViewCell.xib in Resources */,
				A8AC86B325875B2B00604E64 /* LaunchScreen.storyboard in Resources */,
				A83D6EAD258A20AD00186693 /* Offers.storyboard in Resources */,
				A8AC86B025875B2B00604E64 /* Assets.xcassets in Resources */,
				A8AC86C025876E3F00604E64 /* Signup.storyboard in Resources */,
				A82F34142587E463000A3591 /* Login.storyboard in Resources */,
				A8AC86AB25875B2600604E64 /* Main.storyboard in Resources */,
			);
			runOnlyForDeploymentPostprocessing = 0;
		};
/* End PBXResourcesBuildPhase section */

/* Begin PBXShellScriptBuildPhase section */
		09BFEED903FB5EFBD513B7DB /* [CP] Embed Pods Frameworks */ = {
			isa = PBXShellScriptBuildPhase;
			buildActionMask = 2147483647;
			files = (
			);
			inputFileListPaths = (
				"${PODS_ROOT}/Target Support Files/Pods-Seha Khanah/Pods-Seha Khanah-frameworks-${CONFIGURATION}-input-files.xcfilelist",
			);
			name = "[CP] Embed Pods Frameworks";
			outputFileListPaths = (
				"${PODS_ROOT}/Target Support Files/Pods-Seha Khanah/Pods-Seha Khanah-frameworks-${CONFIGURATION}-output-files.xcfilelist",
			);
			runOnlyForDeploymentPostprocessing = 0;
			shellPath = /bin/sh;
			shellScript = "\"${PODS_ROOT}/Target Support Files/Pods-Seha Khanah/Pods-Seha Khanah-frameworks.sh\"\n";
			showEnvVarsInLog = 0;
		};
		5686F69C9A5D0815001AD006 /* [CP] Check Pods Manifest.lock */ = {
			isa = PBXShellScriptBuildPhase;
			buildActionMask = 2147483647;
			files = (
			);
			inputFileListPaths = (
			);
			inputPaths = (
				"${PODS_PODFILE_DIR_PATH}/Podfile.lock",
				"${PODS_ROOT}/Manifest.lock",
			);
			name = "[CP] Check Pods Manifest.lock";
			outputFileListPaths = (
			);
			outputPaths = (
				"$(DERIVED_FILE_DIR)/Pods-Seha Khanah-checkManifestLockResult.txt",
			);
			runOnlyForDeploymentPostprocessing = 0;
			shellPath = /bin/sh;
			shellScript = "diff \"${PODS_PODFILE_DIR_PATH}/Podfile.lock\" \"${PODS_ROOT}/Manifest.lock\" > /dev/null\nif [ $? != 0 ] ; then\n    # print error to STDERR\n    echo \"error: The sandbox is not in sync with the Podfile.lock. Run 'pod install' or update your CocoaPods installation.\" >&2\n    exit 1\nfi\n# This output is used by Xcode 'outputs' to avoid re-running this script phase.\necho \"SUCCESS\" > \"${SCRIPT_OUTPUT_FILE_0}\"\n";
			showEnvVarsInLog = 0;
		};
/* End PBXShellScriptBuildPhase section */

/* Begin PBXSourcesBuildPhase section */
		A8AC869C25875B2500604E64 /* Sources */ = {
			isa = PBXSourcesBuildPhase;
			buildActionMask = 2147483647;
			files = (
				A8A9B370258CE9E3002DA9A0 /* OffersCategoriesCellView.swift in Sources */,
				A82EA356258F522400F30C61 /* OffersViewController+CategoriesCollectionView.swift in Sources */,
				A82F34162587E489000A3591 /* LoginViewController.swift in Sources */,
				A83CB066258B63BC00207BDC /* SehaKhanahRouter.swift in Sources */,
				A82EA35A258F53F900F30C61 /* OffersViewController+ImageSliderExtension.swift in Sources */,
				A8AC86A825875B2600604E64 /* ViewController.swift in Sources */,
				A83CB062258B4DBA00207BDC /* State.swift in Sources */,
				A8A9B36E258CE3C6002DA9A0 /* OffersCategoriesViewProtocol.swift in Sources */,
				A8F299892587AE7000A6BB35 /* RegisterViewController.swift in Sources */,
				A8DBD837258908B5001C203E /* SearchViewController.swift in Sources */,
				A87D28D9258C176B00B7957F /* OffersCategory.swift in Sources */,
				A8A9B375258CF6B7002DA9A0 /* OffersInteractor.swift in Sources */,
				A8F2998B2587AF3500A6BB35 /* UITextFieldIcon+Extension.swift in Sources */,
				A8A9B36A258CE1B3002DA9A0 /* OffersCategoriesPresenter.swift in Sources */,
				A8AC86A425875B2600604E64 /* AppDelegate.swift in Sources */,
				A83D6EB7258A322500186693 /* OfferCategoriesCollectionViewCell.swift in Sources */,
				A83D6EB2258A2E6000186693 /* OffersTableViewCell.swift in Sources */,
				A8AC86A625875B2600604E64 /* SceneDelegate.swift in Sources */,
				A8AC86AE25875B2600604E64 /* Seha_Khanah.xcdatamodeld in Sources */,
				A82EA358258F538100F30C61 /* OffersViewController+OffersCategoriesProtocolViewExtenstion.swift in Sources */,
				A8DBD8332588EF21001C203E /* MainViewController.swift in Sources */,
				A8A9B372258CEEA3002DA9A0 /* OffersViewController.swift in Sources */,
				A83D6EBD258A394C00186693 /* NetworkingConstants.swift in Sources */,
			);
			runOnlyForDeploymentPostprocessing = 0;
		};
/* End PBXSourcesBuildPhase section */

/* Begin PBXVariantGroup section */
		A8AC86A925875B2600604E64 /* Main.storyboard */ = {
			isa = PBXVariantGroup;
			children = (
				A8AC86AA25875B2600604E64 /* Base */,
			);
			name = Main.storyboard;
			sourceTree = "<group>";
		};
		A8AC86B125875B2B00604E64 /* LaunchScreen.storyboard */ = {
			isa = PBXVariantGroup;
			children = (
				A8AC86B225875B2B00604E64 /* Base */,
			);
			name = LaunchScreen.storyboard;
			sourceTree = "<group>";
		};
/* End PBXVariantGroup section */

/* Begin XCBuildConfiguration section */
		A8AC86B525875B2B00604E64 /* Debug */ = {
			isa = XCBuildConfiguration;
			buildSettings = {
				ALWAYS_SEARCH_USER_PATHS = NO;
				CLANG_ANALYZER_NONNULL = YES;
				CLANG_ANALYZER_NUMBER_OBJECT_CONVERSION = YES_AGGRESSIVE;
				CLANG_CXX_LANGUAGE_STANDARD = "gnu++14";
				CLANG_CXX_LIBRARY = "libc++";
				CLANG_ENABLE_MODULES = YES;
				CLANG_ENABLE_OBJC_ARC = YES;
				CLANG_ENABLE_OBJC_WEAK = YES;
				CLANG_WARN_BLOCK_CAPTURE_AUTORELEASING = YES;
				CLANG_WARN_BOOL_CONVERSION = YES;
				CLANG_WARN_COMMA = YES;
				CLANG_WARN_CONSTANT_CONVERSION = YES;
				CLANG_WARN_DEPRECATED_OBJC_IMPLEMENTATIONS = YES;
				CLANG_WARN_DIRECT_OBJC_ISA_USAGE = YES_ERROR;
				CLANG_WARN_DOCUMENTATION_COMMENTS = YES;
				CLANG_WARN_EMPTY_BODY = YES;
				CLANG_WARN_ENUM_CONVERSION = YES;
				CLANG_WARN_INFINITE_RECURSION = YES;
				CLANG_WARN_INT_CONVERSION = YES;
				CLANG_WARN_NON_LITERAL_NULL_CONVERSION = YES;
				CLANG_WARN_OBJC_IMPLICIT_RETAIN_SELF = YES;
				CLANG_WARN_OBJC_LITERAL_CONVERSION = YES;
				CLANG_WARN_OBJC_ROOT_CLASS = YES_ERROR;
				CLANG_WARN_RANGE_LOOP_ANALYSIS = YES;
				CLANG_WARN_STRICT_PROTOTYPES = YES;
				CLANG_WARN_SUSPICIOUS_MOVE = YES;
				CLANG_WARN_UNGUARDED_AVAILABILITY = YES_AGGRESSIVE;
				CLANG_WARN_UNREACHABLE_CODE = YES;
				CLANG_WARN__DUPLICATE_METHOD_MATCH = YES;
				COPY_PHASE_STRIP = NO;
				DEBUG_INFORMATION_FORMAT = dwarf;
				ENABLE_STRICT_OBJC_MSGSEND = YES;
				ENABLE_TESTABILITY = YES;
				GCC_C_LANGUAGE_STANDARD = gnu11;
				GCC_DYNAMIC_NO_PIC = NO;
				GCC_NO_COMMON_BLOCKS = YES;
				GCC_OPTIMIZATION_LEVEL = 0;
				GCC_PREPROCESSOR_DEFINITIONS = (
					"DEBUG=1",
					"$(inherited)",
				);
				GCC_WARN_64_TO_32_BIT_CONVERSION = YES;
				GCC_WARN_ABOUT_RETURN_TYPE = YES_ERROR;
				GCC_WARN_UNDECLARED_SELECTOR = YES;
				GCC_WARN_UNINITIALIZED_AUTOS = YES_AGGRESSIVE;
				GCC_WARN_UNUSED_FUNCTION = YES;
				GCC_WARN_UNUSED_VARIABLE = YES;
				IPHONEOS_DEPLOYMENT_TARGET = 13.5;
				MTL_ENABLE_DEBUG_INFO = INCLUDE_SOURCE;
				MTL_FAST_MATH = YES;
				ONLY_ACTIVE_ARCH = YES;
				SDKROOT = iphoneos;
				SWIFT_ACTIVE_COMPILATION_CONDITIONS = DEBUG;
				SWIFT_OPTIMIZATION_LEVEL = "-Onone";
			};
			name = Debug;
		};
		A8AC86B625875B2B00604E64 /* Release */ = {
			isa = XCBuildConfiguration;
			buildSettings = {
				ALWAYS_SEARCH_USER_PATHS = NO;
				CLANG_ANALYZER_NONNULL = YES;
				CLANG_ANALYZER_NUMBER_OBJECT_CONVERSION = YES_AGGRESSIVE;
				CLANG_CXX_LANGUAGE_STANDARD = "gnu++14";
				CLANG_CXX_LIBRARY = "libc++";
				CLANG_ENABLE_MODULES = YES;
				CLANG_ENABLE_OBJC_ARC = YES;
				CLANG_ENABLE_OBJC_WEAK = YES;
				CLANG_WARN_BLOCK_CAPTURE_AUTORELEASING = YES;
				CLANG_WARN_BOOL_CONVERSION = YES;
				CLANG_WARN_COMMA = YES;
				CLANG_WARN_CONSTANT_CONVERSION = YES;
				CLANG_WARN_DEPRECATED_OBJC_IMPLEMENTATIONS = YES;
				CLANG_WARN_DIRECT_OBJC_ISA_USAGE = YES_ERROR;
				CLANG_WARN_DOCUMENTATION_COMMENTS = YES;
				CLANG_WARN_EMPTY_BODY = YES;
				CLANG_WARN_ENUM_CONVERSION = YES;
				CLANG_WARN_INFINITE_RECURSION = YES;
				CLANG_WARN_INT_CONVERSION = YES;
				CLANG_WARN_NON_LITERAL_NULL_CONVERSION = YES;
				CLANG_WARN_OBJC_IMPLICIT_RETAIN_SELF = YES;
				CLANG_WARN_OBJC_LITERAL_CONVERSION = YES;
				CLANG_WARN_OBJC_ROOT_CLASS = YES_ERROR;
				CLANG_WARN_RANGE_LOOP_ANALYSIS = YES;
				CLANG_WARN_STRICT_PROTOTYPES = YES;
				CLANG_WARN_SUSPICIOUS_MOVE = YES;
				CLANG_WARN_UNGUARDED_AVAILABILITY = YES_AGGRESSIVE;
				CLANG_WARN_UNREACHABLE_CODE = YES;
				CLANG_WARN__DUPLICATE_METHOD_MATCH = YES;
				COPY_PHASE_STRIP = NO;
				DEBUG_INFORMATION_FORMAT = "dwarf-with-dsym";
				ENABLE_NS_ASSERTIONS = NO;
				ENABLE_STRICT_OBJC_MSGSEND = YES;
				GCC_C_LANGUAGE_STANDARD = gnu11;
				GCC_NO_COMMON_BLOCKS = YES;
				GCC_WARN_64_TO_32_BIT_CONVERSION = YES;
				GCC_WARN_ABOUT_RETURN_TYPE = YES_ERROR;
				GCC_WARN_UNDECLARED_SELECTOR = YES;
				GCC_WARN_UNINITIALIZED_AUTOS = YES_AGGRESSIVE;
				GCC_WARN_UNUSED_FUNCTION = YES;
				GCC_WARN_UNUSED_VARIABLE = YES;
				IPHONEOS_DEPLOYMENT_TARGET = 13.5;
				MTL_ENABLE_DEBUG_INFO = NO;
				MTL_FAST_MATH = YES;
				SDKROOT = iphoneos;
				SWIFT_COMPILATION_MODE = wholemodule;
				SWIFT_OPTIMIZATION_LEVEL = "-O";
				VALIDATE_PRODUCT = YES;
			};
			name = Release;
		};
		A8AC86B825875B2B00604E64 /* Debug */ = {
			isa = XCBuildConfiguration;
			baseConfigurationReference = 4B2CFFACA35D7A4AC1B8348A /* Pods-Seha Khanah.debug.xcconfig */;
			buildSettings = {
				ASSETCATALOG_COMPILER_APPICON_NAME = AppIcon;
				CODE_SIGN_STYLE = Automatic;
				INFOPLIST_FILE = "Seha Khanah/Info.plist";
				LD_RUNPATH_SEARCH_PATHS = (
					"$(inherited)",
					"@executable_path/Frameworks",
				);
				PRODUCT_BUNDLE_IDENTIFIER = "anas.Seha-Khanah";
				PRODUCT_NAME = "$(TARGET_NAME)";
				SWIFT_VERSION = 5.0;
				TARGETED_DEVICE_FAMILY = "1,2";
			};
			name = Debug;
		};
		A8AC86B925875B2B00604E64 /* Release */ = {
			isa = XCBuildConfiguration;
			baseConfigurationReference = 3DA4EE16A079CCA158986A8D /* Pods-Seha Khanah.release.xcconfig */;
			buildSettings = {
				ASSETCATALOG_COMPILER_APPICON_NAME = AppIcon;
				CODE_SIGN_STYLE = Automatic;
				INFOPLIST_FILE = "Seha Khanah/Info.plist";
				LD_RUNPATH_SEARCH_PATHS = (
					"$(inherited)",
					"@executable_path/Frameworks",
				);
				PRODUCT_BUNDLE_IDENTIFIER = "anas.Seha-Khanah";
				PRODUCT_NAME = "$(TARGET_NAME)";
				SWIFT_VERSION = 5.0;
				TARGETED_DEVICE_FAMILY = "1,2";
			};
			name = Release;
		};
/* End XCBuildConfiguration section */

/* Begin XCConfigurationList section */
		A8AC869B25875B2500604E64 /* Build configuration list for PBXProject "Seha Khanah" */ = {
			isa = XCConfigurationList;
			buildConfigurations = (
				A8AC86B525875B2B00604E64 /* Debug */,
				A8AC86B625875B2B00604E64 /* Release */,
			);
			defaultConfigurationIsVisible = 0;
			defaultConfigurationName = Release;
		};
		A8AC86B725875B2B00604E64 /* Build configuration list for PBXNativeTarget "Seha Khanah" */ = {
			isa = XCConfigurationList;
			buildConfigurations = (
				A8AC86B825875B2B00604E64 /* Debug */,
				A8AC86B925875B2B00604E64 /* Release */,
			);
			defaultConfigurationIsVisible = 0;
			defaultConfigurationName = Release;
		};
/* End XCConfigurationList section */

/* Begin XCVersionGroup section */
		A8AC86AC25875B2600604E64 /* Seha_Khanah.xcdatamodeld */ = {
			isa = XCVersionGroup;
			children = (
				A8AC86AD25875B2600604E64 /* Seha_Khanah.xcdatamodel */,
			);
			currentVersion = A8AC86AD25875B2600604E64 /* Seha_Khanah.xcdatamodel */;
			path = Seha_Khanah.xcdatamodeld;
			sourceTree = "<group>";
			versionGroupType = wrapper.xcdatamodel;
		};
/* End XCVersionGroup section */
	};
	rootObject = A8AC869825875B2500604E64 /* Project object */;
}
